
Microsoft Visual Studio Solution File, Format Version 12.00
# Visual Studio Version 17
VisualStudioVersion = 17.10.35013.160
MinimumVisualStudioVersion = 10.0.40219.1
Project("{2150E333-8FDC-42A3-9474-1A3956D46DE8}") = "Host", "Host", "{0E047A01-D62E-46CC-B51E-B2A679D5B00F}"
EndProject
Project("{2150E333-8FDC-42A3-9474-1A3956D46DE8}") = "Application", "Application", "{912BAB38-EC76-4D40-88A3-449B41FB04DD}"
EndProject
Project("{2150E333-8FDC-42A3-9474-1A3956D46DE8}") = "Contracts", "Contracts", "{EB1D7820-201B-45D0-B86A-6CC8BACBCE1C}"
EndProject
Project("{2150E333-8FDC-42A3-9474-1A3956D46DE8}") = "Domain", "Domain", "{75570129-4B9A-4AA2-AE0E-4C7EC19E5894}"
EndProject
Project("{2150E333-8FDC-42A3-9474-1A3956D46DE8}") = "Infrastructure", "Infrastructure", "{8214DF4E-B418-4062-811B-BF6B5499EE58}"
EndProject
Project("{9A19103F-16F7-4668-BE54-9A1E7A4F7556}") = "OnlineStore.MVC", "Hosts\OnlineStore.MVC\OnlineStore.MVC.csproj", "{219DDF83-5C49-4FC9-AD98-D315DA29F359}"
EndProject
Project("{9A19103F-16F7-4668-BE54-9A1E7A4F7556}") = "OnlineStore.Domain", "Domain\OnlineStore.Domain\OnlineStore.Domain.csproj", "{CAD7EFA2-FDA2-4C25-B673-E084EEB8FC38}"
EndProject
Project("{9A19103F-16F7-4668-BE54-9A1E7A4F7556}") = "OnlineStore.Contracts", "Contracts\OnlineStore.Contracts\OnlineStore.Contracts.csproj", "{F25E3010-3DB7-4002-AF41-F0825F01990F}"
EndProject
Project("{9A19103F-16F7-4668-BE54-9A1E7A4F7556}") = "OnlineStore.AppServices", "AppServices\OnlineStore.AppServices\OnlineStore.AppServices.csproj", "{E02917E0-7AC9-4D8E-9D81-935EC49ABF77}"
EndProject
Project("{9A19103F-16F7-4668-BE54-9A1E7A4F7556}") = "OnlineStore.ComponentRegistrar", "Infrastructure\OnlineStore.ComponentRegistrar\OnlineStore.ComponentRegistrar.csproj", "{2D4275A6-D48D-4377-AECF-845117C27BF9}"
EndProject
Project("{9A19103F-16F7-4668-BE54-9A1E7A4F7556}") = "OnlineStore.Infrastructure", "Infrastructure\OnlineStore.Infrastructure\OnlineStore.Infrastructure.csproj", "{94B85CBF-E500-43B2-B285-0ADBC8D81717}"
EndProject
Project("{9A19103F-16F7-4668-BE54-9A1E7A4F7556}") = "OnlineStore.DataAccess", "Infrastructure\OnlineStore.DataAccess\OnlineStore.DataAccess.csproj", "{9AE26E5C-74FB-410A-9D9F-44F00F80F7A0}"
EndProject
Global
	GlobalSection(SolutionConfigurationPlatforms) = preSolution
		Debug|Any CPU = Debug|Any CPU
		Release|Any CPU = Release|Any CPU
	EndGlobalSection
	GlobalSection(ProjectConfigurationPlatforms) = postSolution
		{219DDF83-5C49-4FC9-AD98-D315DA29F359}.Debug|Any CPU.ActiveCfg = Debug|Any CPU
		{219DDF83-5C49-4FC9-AD98-D315DA29F359}.Debug|Any CPU.Build.0 = Debug|Any CPU
		{219DDF83-5C49-4FC9-AD98-D315DA29F359}.Release|Any CPU.ActiveCfg = Release|Any CPU
		{219DDF83-5C49-4FC9-AD98-D315DA29F359}.Release|Any CPU.Build.0 = Release|Any CPU
		{CAD7EFA2-FDA2-4C25-B673-E084EEB8FC38}.Debug|Any CPU.ActiveCfg = Debug|Any CPU
		{CAD7EFA2-FDA2-4C25-B673-E084EEB8FC38}.Debug|Any CPU.Build.0 = Debug|Any CPU
		{CAD7EFA2-FDA2-4C25-B673-E084EEB8FC38}.Release|Any CPU.ActiveCfg = Release|Any CPU
		{CAD7EFA2-FDA2-4C25-B673-E084EEB8FC38}.Release|Any CPU.Build.0 = Release|Any CPU
		{F25E3010-3DB7-4002-AF41-F0825F01990F}.Debug|Any CPU.ActiveCfg = Debug|Any CPU
		{F25E3010-3DB7-4002-AF41-F0825F01990F}.Debug|Any CPU.Build.0 = Debug|Any CPU
		{F25E3010-3DB7-4002-AF41-F0825F01990F}.Release|Any CPU.ActiveCfg = Release|Any CPU
		{F25E3010-3DB7-4002-AF41-F0825F01990F}.Release|Any CPU.Build.0 = Release|Any CPU
		{E02917E0-7AC9-4D8E-9D81-935EC49ABF77}.Debug|Any CPU.ActiveCfg = Debug|Any CPU
		{E02917E0-7AC9-4D8E-9D81-935EC49ABF77}.Debug|Any CPU.Build.0 = Debug|Any CPU
		{E02917E0-7AC9-4D8E-9D81-935EC49ABF77}.Release|Any CPU.ActiveCfg = Release|Any CPU
		{E02917E0-7AC9-4D8E-9D81-935EC49ABF77}.Release|Any CPU.Build.0 = Release|Any CPU
		{2D4275A6-D48D-4377-AECF-845117C27BF9}.Debug|Any CPU.ActiveCfg = Debug|Any CPU
		{2D4275A6-D48D-4377-AECF-845117C27BF9}.Debug|Any CPU.Build.0 = Debug|Any CPU
		{2D4275A6-D48D-4377-AECF-845117C27BF9}.Release|Any CPU.ActiveCfg = Release|Any CPU
		{2D4275A6-D48D-4377-AECF-845117C27BF9}.Release|Any CPU.Build.0 = Release|Any CPU
		{94B85CBF-E500-43B2-B285-0ADBC8D81717}.Debug|Any CPU.ActiveCfg = Debug|Any CPU
		{94B85CBF-E500-43B2-B285-0ADBC8D81717}.Debug|Any CPU.Build.0 = Debug|Any CPU
		{94B85CBF-E500-43B2-B285-0ADBC8D81717}.Release|Any CPU.ActiveCfg = Release|Any CPU
		{94B85CBF-E500-43B2-B285-0ADBC8D81717}.Release|Any CPU.Build.0 = Release|Any CPU
		{9AE26E5C-74FB-410A-9D9F-44F00F80F7A0}.Debug|Any CPU.ActiveCfg = Debug|Any CPU
		{9AE26E5C-74FB-410A-9D9F-44F00F80F7A0}.Debug|Any CPU.Build.0 = Debug|Any CPU
		{9AE26E5C-74FB-410A-9D9F-44F00F80F7A0}.Release|Any CPU.ActiveCfg = Release|Any CPU
		{9AE26E5C-74FB-410A-9D9F-44F00F80F7A0}.Release|Any CPU.Build.0 = Release|Any CPU
	EndGlobalSection
	GlobalSection(SolutionProperties) = preSolution
		HideSolutionNode = FALSE
	EndGlobalSection
	GlobalSection(NestedProjects) = preSolution
		{219DDF83-5C49-4FC9-AD98-D315DA29F359} = {0E047A01-D62E-46CC-B51E-B2A679D5B00F}
		{CAD7EFA2-FDA2-4C25-B673-E084EEB8FC38} = {75570129-4B9A-4AA2-AE0E-4C7EC19E5894}
		{F25E3010-3DB7-4002-AF41-F0825F01990F} = {EB1D7820-201B-45D0-B86A-6CC8BACBCE1C}
		{E02917E0-7AC9-4D8E-9D81-935EC49ABF77} = {912BAB38-EC76-4D40-88A3-449B41FB04DD}
		{2D4275A6-D48D-4377-AECF-845117C27BF9} = {8214DF4E-B418-4062-811B-BF6B5499EE58}
		{94B85CBF-E500-43B2-B285-0ADBC8D81717} = {8214DF4E-B418-4062-811B-BF6B5499EE58}
		{9AE26E5C-74FB-410A-9D9F-44F00F80F7A0} = {8214DF4E-B418-4062-811B-BF6B5499EE58}
	EndGlobalSection
	GlobalSection(ExtensibilityGlobals) = postSolution
		SolutionGuid = {FC0EFB93-1195-4BBD-80B6-7D0E0C8F3733}
	EndGlobalSection
EndGlobal
